
Microsoft Visual Studio Solution File, Format Version 12.00
# Visual Studio Version 17
VisualStudioVersion = 17.10.35122.118
MinimumVisualStudioVersion = 10.0.40219.1
Project("{FAE04EC0-301F-11D3-BF4B-00C04F79EFBC}") = "L2_Task", "L2_Task\L2_Task.csproj", "{0D833C55-6411-4CAE-83CF-37474B1BAD42}"
EndProject
Global
	GlobalSection(SolutionConfigurationPlatforms) = preSolution
		Debug|Any CPU = Debug|Any CPU
		Release|Any CPU = Release|Any CPU
	EndGlobalSection
	GlobalSection(ProjectConfigurationPlatforms) = postSolution
		{0D833C55-6411-4CAE-83CF-37474B1BAD42}.Debug|Any CPU.ActiveCfg = Debug|Any CPU
		{0D833C55-6411-4CAE-83CF-37474B1BAD42}.Debug|Any CPU.Build.0 = Debug|Any CPU
		{0D833C55-6411-4CAE-83CF-37474B1BAD42}.Release|Any CPU.ActiveCfg = Release|Any CPU
		{0D833C55-6411-4CAE-83CF-37474B1BAD42}.Release|Any CPU.Build.0 = Release|Any CPU
	EndGlobalSection
	GlobalSection(SolutionProperties) = preSolution
		HideSolutionNode = FALSE
	EndGlobalSection
	GlobalSection(ExtensibilityGlobals) = postSolution
		SolutionGuid = {4305523A-5A16-43C0-896C-F216B2AEF07A}
	EndGlobalSection
EndGlobal
